version: 2.0
shards:
  crinja:
    git: https://github.com/straight-shoota/crinja.git
    version: 0.8.1

  json-schema:
    git: https://github.com/spider-gazelle/json-schema.git
    version: 1.3.1

  openai:
    git: https://github.com/lancecarlson/openai.cr.git
    version: 0.3.0+git.commit.28b3058ca28a1d51127a1cffe2dcfbb4cb1b748c

